
Microsoft Visual Studio Solution File, Format Version 12.00
# Visual Studio Version 17
VisualStudioVersion = 17.3.32819.101
MinimumVisualStudioVersion = 10.0.40219.1
Project("{FAE04EC0-301F-11D3-BF4B-00C04F79EFBC}") = "Exercise 10(frl)", "Exercise 10(frl)\Exercise 10(frl).csproj", "{474A3FC7-F556-4D75-938C-1B5A32C7DD50}"
EndProject
Global
	GlobalSection(SolutionConfigurationPlatforms) = preSolution
		Debug|Any CPU = Debug|Any CPU
		Release|Any CPU = Release|Any CPU
	EndGlobalSection
	GlobalSection(ProjectConfigurationPlatforms) = postSolution
		{474A3FC7-F556-4D75-938C-1B5A32C7DD50}.Debug|Any CPU.ActiveCfg = Debug|Any CPU
		{474A3FC7-F556-4D75-938C-1B5A32C7DD50}.Debug|Any CPU.Build.0 = Debug|Any CPU
		{474A3FC7-F556-4D75-938C-1B5A32C7DD50}.Release|Any CPU.ActiveCfg = Release|Any CPU
		{474A3FC7-F556-4D75-938C-1B5A32C7DD50}.Release|Any CPU.Build.0 = Release|Any CPU
	EndGlobalSection
	GlobalSection(SolutionProperties) = preSolution
		HideSolutionNode = FALSE
	EndGlobalSection
	GlobalSection(ExtensibilityGlobals) = postSolution
		SolutionGuid = {BB042332-DF1D-4D49-8718-0CCE6FD3BB56}
	EndGlobalSection
EndGlobal
